
Microsoft Visual Studio Solution File, Format Version 12.00
# Visual Studio 15
VisualStudioVersion = 15.0.27130.2003
MinimumVisualStudioVersion = 10.0.40219.1
Project("{FAE04EC0-301F-11D3-BF4B-00C04F79EFBC}") = "MiddlewareExample", "MiddlewareExample\MiddlewareExample.csproj", "{A3B1AD71-AEF5-45DC-AE92-CD633BA7AE64}"
EndProject
Global
	GlobalSection(SolutionConfigurationPlatforms) = preSolution
		Debug|Any CPU = Debug|Any CPU
		Release|Any CPU = Release|Any CPU
	EndGlobalSection
	GlobalSection(ProjectConfigurationPlatforms) = postSolution
		{A3B1AD71-AEF5-45DC-AE92-CD633BA7AE64}.Debug|Any CPU.ActiveCfg = Debug|Any CPU
		{A3B1AD71-AEF5-45DC-AE92-CD633BA7AE64}.Debug|Any CPU.Build.0 = Debug|Any CPU
		{A3B1AD71-AEF5-45DC-AE92-CD633BA7AE64}.Release|Any CPU.ActiveCfg = Release|Any CPU
		{A3B1AD71-AEF5-45DC-AE92-CD633BA7AE64}.Release|Any CPU.Build.0 = Release|Any CPU
	EndGlobalSection
	GlobalSection(SolutionProperties) = preSolution
		HideSolutionNode = FALSE
	EndGlobalSection
	GlobalSection(ExtensibilityGlobals) = postSolution
		SolutionGuid = {72A4FF4C-3051-4D2A-9E7E-0272EBF109DD}
	EndGlobalSection
EndGlobal
